
Microsoft Visual Studio Solution File, Format Version 12.00
# Visual Studio Version 17
VisualStudioVersion = 17.9.34607.119
MinimumVisualStudioVersion = 10.0.40219.1
Project("{FAE04EC0-301F-11D3-BF4B-00C04F79EFBC}") = "Hospital_2.0", "Hospital_2.0.csproj", "{97DC8592-198B-458B-9FF7-C2CDE8E2D94C}"
EndProject
Global
	GlobalSection(SolutionConfigurationPlatforms) = preSolution
		Debug|Any CPU = Debug|Any CPU
		Release|Any CPU = Release|Any CPU
	EndGlobalSection
	GlobalSection(ProjectConfigurationPlatforms) = postSolution
		{97DC8592-198B-458B-9FF7-C2CDE8E2D94C}.Debug|Any CPU.ActiveCfg = Debug|Any CPU
		{97DC8592-198B-458B-9FF7-C2CDE8E2D94C}.Debug|Any CPU.Build.0 = Debug|Any CPU
		{97DC8592-198B-458B-9FF7-C2CDE8E2D94C}.Release|Any CPU.ActiveCfg = Release|Any CPU
		{97DC8592-198B-458B-9FF7-C2CDE8E2D94C}.Release|Any CPU.Build.0 = Release|Any CPU
	EndGlobalSection
	GlobalSection(SolutionProperties) = preSolution
		HideSolutionNode = FALSE
	EndGlobalSection
	GlobalSection(ExtensibilityGlobals) = postSolution
		SolutionGuid = {0129EA39-42F7-4FFA-9E45-1DD6F3D5ACF0}
	EndGlobalSection
EndGlobal
